{
  "name": "seed.npm-interface.xterm",
  "version": "1.0.0",
  "lockfileVersion": 3,
  "requires": true,
  "packages": {
    "": {
      "name": "seed.npm-interface.xterm",
      "version": "1.0.0",
      "license": "GPL-3.0",
      "dependencies": {
        "@xterm/xterm": "^5.5.0"
      },
      "devDependencies": {}
    },
    "node_modules/@xterm/xterm": {
      "version": "5.5.0",
      "resolved": "https://registry.npmjs.org/@xterm/xterm/-/xterm-5.5.0.tgz",
      "integrity": "sha512-hqJHYaQb5OptNunnyAnkHyM8aCjZ1MEIDTQu1iIbbTD/xops91NB5yq1ZK/dC2JDbVWtF23zUtl9JE2NqwT87A=="
    }
  }
}
