{
  "name": "seed.npm-interface.hotkeys-js",
  "version": "1.0.0",
  "lockfileVersion": 3,
  "requires": true,
  "packages": {
    "": {
      "name": "seed.npm-interface.hotkeys-js",
      "version": "1.0.0",
      "license": "MIT",
      "dependencies": {
        "hotkeys-js": "^3.12.0"
      }
    },
    "node_modules/hotkeys-js": {
      "version": "3.12.0",
      "resolved": "https://registry.npmjs.org/hotkeys-js/-/hotkeys-js-3.12.0.tgz",
      "integrity": "sha512-Z+N573ycUKIGwFYS3ID1RzMJiGmtWMGKMiaNLyJS8B1ei+MllF4ZYmKS2T0kMWBktOz+WZLVNikftEgnukOrXg=="
    }
  }
}
