{
  "name": "seed.npm-interface.codemirror",
  "version": "1.0.0",
  "lockfileVersion": 3,
  "requires": true,
  "packages": {
    "": {
      "name": "seed.npm-interface.codemirror",
      "version": "1.0.0",
      "license": "GPL-3.0",
      "dependencies": {
        "prosemirror-schema-basic": "^1.2.3",
        "prosemirror-state": "^1.4.3",
        "prosemirror-view": "^1.37.2"
      }
    },
    "node_modules/orderedmap": {
      "version": "2.1.1",
      "resolved": "https://registry.npmjs.org/orderedmap/-/orderedmap-2.1.1.tgz",
      "integrity": "sha512-TvAWxi0nDe1j/rtMcWcIj94+Ffe6n7zhow33h40SKxmsmozs6dz/e+EajymfoFcHd7sxNn8yHM8839uixMOV6g=="
    },
    "node_modules/prosemirror-model": {
      "version": "1.24.1",
      "resolved": "https://registry.npmjs.org/prosemirror-model/-/prosemirror-model-1.24.1.tgz",
      "integrity": "sha512-YM053N+vTThzlWJ/AtPtF1j0ebO36nvbmDy4U7qA2XQB8JVaQp1FmB9Jhrps8s+z+uxhhVTny4m20ptUvhk0Mg==",
      "dependencies": {
        "orderedmap": "^2.0.0"
      }
    },
    "node_modules/prosemirror-schema-basic": {
      "version": "1.2.3",
      "resolved": "https://registry.npmjs.org/prosemirror-schema-basic/-/prosemirror-schema-basic-1.2.3.tgz",
      "integrity": "sha512-h+H0OQwZVqMon1PNn0AG9cTfx513zgIG2DY00eJ00Yvgb3UD+GQ/VlWW5rcaxacpCGT1Yx8nuhwXk4+QbXUfJA==",
      "dependencies": {
        "prosemirror-model": "^1.19.0"
      }
    },
    "node_modules/prosemirror-state": {
      "version": "1.4.3",
      "resolved": "https://registry.npmjs.org/prosemirror-state/-/prosemirror-state-1.4.3.tgz",
      "integrity": "sha512-goFKORVbvPuAQaXhpbemJFRKJ2aixr+AZMGiquiqKxaucC6hlpHNZHWgz5R7dS4roHiwq9vDctE//CZ++o0W1Q==",
      "dependencies": {
        "prosemirror-model": "^1.0.0",
        "prosemirror-transform": "^1.0.0",
        "prosemirror-view": "^1.27.0"
      }
    },
    "node_modules/prosemirror-transform": {
      "version": "1.10.2",
      "resolved": "https://registry.npmjs.org/prosemirror-transform/-/prosemirror-transform-1.10.2.tgz",
      "integrity": "sha512-2iUq0wv2iRoJO/zj5mv8uDUriOHWzXRnOTVgCzSXnktS/2iQRa3UUQwVlkBlYZFtygw6Nh1+X4mGqoYBINn5KQ==",
      "dependencies": {
        "prosemirror-model": "^1.21.0"
      }
    },
    "node_modules/prosemirror-view": {
      "version": "1.37.2",
      "resolved": "https://registry.npmjs.org/prosemirror-view/-/prosemirror-view-1.37.2.tgz",
      "integrity": "sha512-ApcyrfV/cRcaL65on7TQcfWElwLyOgIjnIynfAuV+fIdlpbSvSWRwfuPaH7T5mo4AbO/FID29qOtjiDIKGWyog==",
      "dependencies": {
        "prosemirror-model": "^1.20.0",
        "prosemirror-state": "^1.0.0",
        "prosemirror-transform": "^1.1.0"
      }
    }
  }
}
